PODS:
  - DLUpdater (0.2.3):
    - Siren (= 3.4.3)
  - FBSnapshotTestCase (2.1.4):
    - FBSnapshotTestCase/SwiftSupport (= 2.1.4)
  - FBSnapshotTestCase/Core (2.1.4)
  - FBSnapshotTestCase/SwiftSupport (2.1.4):
    - FBSnapshotTestCase/Core
  - iOSSnapshotTestCase (2.2.0):
    - iOSSnapshotTestCase/SwiftSupport (= 2.2.0)
  - iOSSnapshotTestCase/Core (2.2.0)
  - iOSSnapshotTestCase/SwiftSupport (2.2.0):
    - iOSSnapshotTestCase/Core
  - Nimble (7.1.3)
  - Nimble-Snapshots (6.4.1):
    - Nimble-Snapshots/Core (= 6.4.1)
  - Nimble-Snapshots/Core (6.4.1):
    - iOSSnapshotTestCase (~> 2.0)
    - Nimble (~> 7.0)
  - Quick (1.3.1)
  - Siren (3.4.3)

DEPENDENCIES:
  - DLUpdater (from `../`)
  - FBSnapshotTestCase
  - Nimble
  - Nimble-Snapshots
  - Quick

SPEC REPOS:
  https://github.com/cocoapods/specs.git:
    - FBSnapshotTestCase
    - iOSSnapshotTestCase
    - Nimble
    - Nimble-Snapshots
    - Quick
    - Siren

EXTERNAL SOURCES:
  DLUpdater:
    :path: "../"

SPEC CHECKSUMS:
  DLUpdater: 30f3937fb2b52f9dd9690f673a16db94091a8cf6
  FBSnapshotTestCase: 094f9f314decbabe373b87cc339bea235a63e07a
  iOSSnapshotTestCase: 415bd84f9dbba4ff45fede49d800bc7332fbedac
  Nimble: 2839b01d1b31f6a6a7777a221f0d91cf52e8e27b
  Nimble-Snapshots: 438fb1a6fa3c655e246fc9ac375f6cd2964d759a
  Quick: d17304d58d0d169dd0bd1c6e5c28e3318de32a1a
  Siren: e3cf1a93fa0fa73c03452107e95e5c10768d1d08

PODFILE CHECKSUM: c0b9dbc3b7cc1dfe0613a92586377feb18cc43f8

COCOAPODS: 1.5.3
