PODS:
  - DLUpdater (0.4.0):
    - Siren (= 5.1.0)
  - Nimble (8.0.2)
  - Quick (2.1.0)
  - Siren (5.1.0)

DEPENDENCIES:
  - DLUpdater (from `../`)
  - Nimble
  - Quick

SPEC REPOS:
  https://github.com/cocoapods/specs.git:
    - Nimble
    - Quick
    - Siren

EXTERNAL SOURCES:
  DLUpdater:
    :path: "../"

SPEC CHECKSUMS:
  DLUpdater: ede700485f993ce269c396da56ec9dd1b2ce92cd
  Nimble: 622629381bda1dd5678162f21f1368cec7cbba60
  Quick: 4be43f6634acfa727dd106bdf3929ce125ffa79d
  Siren: 1dbdbd5dccd55865369a83f3d57c8eb818ac1556

PODFILE CHECKSUM: ddf824c9aab0a4b17f4c473b319a38aa608ff95b

COCOAPODS: 1.7.3
