PODS:
  - DLUpdater (0.3.1):
    - Siren (= 3.7.2)
  - FBSnapshotTestCase (2.1.4):
    - FBSnapshotTestCase/SwiftSupport (= 2.1.4)
  - FBSnapshotTestCase/Core (2.1.4)
  - FBSnapshotTestCase/SwiftSupport (2.1.4):
    - FBSnapshotTestCase/Core
  - Nimble (7.3.1)
  - Quick (1.3.2)
  - Siren (3.7.2)

DEPENDENCIES:
  - DLUpdater (from `../`)
  - FBSnapshotTestCase
  - Nimble
  - Quick

SPEC REPOS:
  https://github.com/cocoapods/specs.git:
    - FBSnapshotTestCase
    - Nimble
    - Quick
    - Siren

EXTERNAL SOURCES:
  DLUpdater:
    :path: "../"

SPEC CHECKSUMS:
  DLUpdater: 856c8b38dab0803884f7f326e6a67e43975f38c9
  FBSnapshotTestCase: 094f9f314decbabe373b87cc339bea235a63e07a
  Nimble: 04f732da099ea4d153122aec8c2a88fd0c7219ae
  Quick: 2623cb30d7a7f41ca62f684f679586558f483d46
  Siren: d3e10df09c07d37a7f13d29ec78d760975c6da0b

PODFILE CHECKSUM: 599a1e668920e686f4bc73fe873cf633b871a305

COCOAPODS: 1.5.3
